
Microsoft Visual Studio Solution File, Format Version 12.00
# Visual Studio 15
VisualStudioVersion = 15.0.26730.15
MinimumVisualStudioVersion = 10.0.40219.1
Project("{FAE04EC0-301F-11D3-BF4B-00C04F79EFBC}") = "AsyncWebDriver", "AsyncWebDriver\AsyncWebDriver.csproj", "{489FD59F-D739-4144-89B8-B5A719BCB120}"
EndProject
Project("{FAE04EC0-301F-11D3-BF4B-00C04F79EFBC}") = "WebBrowserCommunication", "WebBrowserCommunication\WebBrowserCommunication.csproj", "{BD66D956-659C-4974-B86D-1AE8F75E7F12}"
EndProject
Project("{FAE04EC0-301F-11D3-BF4B-00C04F79EFBC}") = "AsyncFirefoxDriver", "AsyncFirefoxDriver\AsyncFirefoxDriver.csproj", "{13891DBA-94C7-45AA-B9BD-77AC7B56C379}"
EndProject
Project("{FAE04EC0-301F-11D3-BF4B-00C04F79EFBC}") = "AsyncFirefoxDriverExample", "AsyncFirefoxDriverExample\AsyncFirefoxDriverExample.csproj", "{BD7131D5-5703-4639-A6F8-4F445EA38582}"
EndProject
Project("{FAE04EC0-301F-11D3-BF4B-00C04F79EFBC}") = "ZuRequestListener", "ZuRequestListener\ZuRequestListener.csproj", "{BC277712-931F-4201-9CD2-16CD92565F93}"
EndProject
Project("{2150E333-8FDC-42A3-9474-1A3956D46DE8}") = "Solution Items", "Solution Items", "{D2FD5CA3-69E0-4F8A-8137-8DB197162AA6}"
	ProjectSection(SolutionItems) = preProject
		LICENSE.txt = LICENSE.txt
		NOTICE = NOTICE
		README.md = README.md
		THIRD-PARTY-NOTICES = THIRD-PARTY-NOTICES
	EndProjectSection
EndProject
Project("{FAE04EC0-301F-11D3-BF4B-00C04F79EFBC}") = "AllDriversExample", "AllDriversExample\AllDriversExample.csproj", "{A71D9721-D90E-4C0D-9B0D-F8554BA888D7}"
EndProject
Global
	GlobalSection(SolutionConfigurationPlatforms) = preSolution
		Debug|Any CPU = Debug|Any CPU
		Release|Any CPU = Release|Any CPU
	EndGlobalSection
	GlobalSection(ProjectConfigurationPlatforms) = postSolution
		{489FD59F-D739-4144-89B8-B5A719BCB120}.Debug|Any CPU.ActiveCfg = Debug|Any CPU
		{489FD59F-D739-4144-89B8-B5A719BCB120}.Debug|Any CPU.Build.0 = Debug|Any CPU
		{489FD59F-D739-4144-89B8-B5A719BCB120}.Release|Any CPU.ActiveCfg = Release|Any CPU
		{489FD59F-D739-4144-89B8-B5A719BCB120}.Release|Any CPU.Build.0 = Release|Any CPU
		{BD66D956-659C-4974-B86D-1AE8F75E7F12}.Debug|Any CPU.ActiveCfg = Debug|Any CPU
		{BD66D956-659C-4974-B86D-1AE8F75E7F12}.Debug|Any CPU.Build.0 = Debug|Any CPU
		{BD66D956-659C-4974-B86D-1AE8F75E7F12}.Release|Any CPU.ActiveCfg = Release|Any CPU
		{BD66D956-659C-4974-B86D-1AE8F75E7F12}.Release|Any CPU.Build.0 = Release|Any CPU
		{13891DBA-94C7-45AA-B9BD-77AC7B56C379}.Debug|Any CPU.ActiveCfg = Debug|Any CPU
		{13891DBA-94C7-45AA-B9BD-77AC7B56C379}.Debug|Any CPU.Build.0 = Debug|Any CPU
		{13891DBA-94C7-45AA-B9BD-77AC7B56C379}.Release|Any CPU.ActiveCfg = Release|Any CPU
		{13891DBA-94C7-45AA-B9BD-77AC7B56C379}.Release|Any CPU.Build.0 = Release|Any CPU
		{BD7131D5-5703-4639-A6F8-4F445EA38582}.Debug|Any CPU.ActiveCfg = Debug|Any CPU
		{BD7131D5-5703-4639-A6F8-4F445EA38582}.Debug|Any CPU.Build.0 = Debug|Any CPU
		{BD7131D5-5703-4639-A6F8-4F445EA38582}.Release|Any CPU.ActiveCfg = Release|Any CPU
		{BD7131D5-5703-4639-A6F8-4F445EA38582}.Release|Any CPU.Build.0 = Release|Any CPU
		{BC277712-931F-4201-9CD2-16CD92565F93}.Debug|Any CPU.ActiveCfg = Debug|Any CPU
		{BC277712-931F-4201-9CD2-16CD92565F93}.Debug|Any CPU.Build.0 = Debug|Any CPU
		{BC277712-931F-4201-9CD2-16CD92565F93}.Release|Any CPU.ActiveCfg = Release|Any CPU
		{BC277712-931F-4201-9CD2-16CD92565F93}.Release|Any CPU.Build.0 = Release|Any CPU
		{A71D9721-D90E-4C0D-9B0D-F8554BA888D7}.Debug|Any CPU.ActiveCfg = Debug|Any CPU
		{A71D9721-D90E-4C0D-9B0D-F8554BA888D7}.Debug|Any CPU.Build.0 = Debug|Any CPU
		{A71D9721-D90E-4C0D-9B0D-F8554BA888D7}.Release|Any CPU.ActiveCfg = Release|Any CPU
		{A71D9721-D90E-4C0D-9B0D-F8554BA888D7}.Release|Any CPU.Build.0 = Release|Any CPU
	EndGlobalSection
	GlobalSection(SolutionProperties) = preSolution
		HideSolutionNode = FALSE
	EndGlobalSection
	GlobalSection(ExtensibilityGlobals) = postSolution
		SolutionGuid = {2E55EFE5-2DDF-4043-8564-D83FF8498E6E}
	EndGlobalSection
EndGlobal
